// !$*UTF8*$!
{
	archiveVersion = 1;
	classes = {
	};
	objectVersion = 46;
	objects = {

/* Begin PBXBuildFile section */
		BB0396111E23EB1F00413257 /* GBAccountStore.h in Headers */ = {isa = PBXBuildFile; fileRef = BB03960F1E23EB1F00413257 /* GBAccountStore.h */; };
		BB0396121E23EB1F00413257 /* GBAccountStore.m in Sources */ = {isa = PBXBuildFile; fileRef = BB0396101E23EB1F00413257 /* GBAccountStore.m */; };
		BB0396151E2401E400413257 /* GBAccount.h in Headers */ = {isa = PBXBuildFile; fileRef = BB0396131E2401E400413257 /* GBAccount.h */; };
		BB0396161E2401E400413257 /* GBAccount.m in Sources */ = {isa = PBXBuildFile; fileRef = BB0396141E2401E400413257 /* GBAccount.m */; };
		BB0DC20B1E151128008ADA92 /* GBSdk.h in Headers */ = {isa = PBXBuildFile; fileRef = BB0DC2091E151128008ADA92 /* GBSdk.h */; settings = {ATTRIBUTES = (Public, ); }; };
		BB3161BA1E1600E9005DD9D2 /* GBSdk.m in Sources */ = {isa = PBXBuildFile; fileRef = BB3161B91E1600E9005DD9D2 /* GBSdk.m */; };
		BB3161C31E1613A2005DD9D2 /* GBDeviceUtil.m in Sources */ = {isa = PBXBuildFile; fileRef = BB3161C21E1613A2005DD9D2 /* GBDeviceUtil.m */; };
		BB3161C71E1629ED005DD9D2 /* SSKeychain.h in Headers */ = {isa = PBXBuildFile; fileRef = BB3161C51E1629ED005DD9D2 /* SSKeychain.h */; };
		BB3161C81E1629ED005DD9D2 /* SSKeychain.m in Sources */ = {isa = PBXBuildFile; fileRef = BB3161C61E1629ED005DD9D2 /* SSKeychain.m */; };
		BB3161DA1E1633B5005DD9D2 /* GBAddPaymentAction.h in Headers */ = {isa = PBXBuildFile; fileRef = BB3161CA1E1633B5005DD9D2 /* GBAddPaymentAction.h */; };
		BB3161DB1E1633B5005DD9D2 /* GBAddPaymentAction.m in Sources */ = {isa = PBXBuildFile; fileRef = BB3161CB1E1633B5005DD9D2 /* GBAddPaymentAction.m */; };
		BB3161DC1E1633B5005DD9D2 /* GBLog+Store.h in Headers */ = {isa = PBXBuildFile; fileRef = BB3161CC1E1633B5005DD9D2 /* GBLog+Store.h */; };
		BB3161DD1E1633B5005DD9D2 /* GBLog+Store.m in Sources */ = {isa = PBXBuildFile; fileRef = BB3161CD1E1633B5005DD9D2 /* GBLog+Store.m */; };
		BB3161DE1E1633B5005DD9D2 /* GBProductRequestDelegate.h in Headers */ = {isa = PBXBuildFile; fileRef = BB3161CE1E1633B5005DD9D2 /* GBProductRequestDelegate.h */; };
		BB3161DF1E1633B5005DD9D2 /* GBProductRequestDelegate.m in Sources */ = {isa = PBXBuildFile; fileRef = BB3161CF1E1633B5005DD9D2 /* GBProductRequestDelegate.m */; };
		BB3161E01E1633B5005DD9D2 /* GBProtocol+Store.h in Headers */ = {isa = PBXBuildFile; fileRef = BB3161D01E1633B5005DD9D2 /* GBProtocol+Store.h */; };
		BB3161E11E1633B5005DD9D2 /* GBProtocol+Store.m in Sources */ = {isa = PBXBuildFile; fileRef = BB3161D11E1633B5005DD9D2 /* GBProtocol+Store.m */; };
		BB3161E21E1633B5005DD9D2 /* GBReceiptVerificator.h in Headers */ = {isa = PBXBuildFile; fileRef = BB3161D21E1633B5005DD9D2 /* GBReceiptVerificator.h */; };
		BB3161E31E1633B5005DD9D2 /* GBReceiptVerificator.m in Sources */ = {isa = PBXBuildFile; fileRef = BB3161D31E1633B5005DD9D2 /* GBReceiptVerificator.m */; };
		BB3161E41E1633B5005DD9D2 /* GBRestoreManager.h in Headers */ = {isa = PBXBuildFile; fileRef = BB3161D41E1633B5005DD9D2 /* GBRestoreManager.h */; };
		BB3161E51E1633B5005DD9D2 /* GBRestoreManager.m in Sources */ = {isa = PBXBuildFile; fileRef = BB3161D51E1633B5005DD9D2 /* GBRestoreManager.m */; };
		BB3161E61E1633B5005DD9D2 /* GBInApp.h in Headers */ = {isa = PBXBuildFile; fileRef = BB3161D61E1633B5005DD9D2 /* GBInApp.h */; };
		BB3161E71E1633B5005DD9D2 /* GBInApp.m in Sources */ = {isa = PBXBuildFile; fileRef = BB3161D71E1633B5005DD9D2 /* GBInApp.m */; };
		BB3161ED1E1635D5005DD9D2 /* GBError.h in Headers */ = {isa = PBXBuildFile; fileRef = BB3161EB1E1635D5005DD9D2 /* GBError.h */; };
		BB3161EE1E1635D5005DD9D2 /* GBError.m in Sources */ = {isa = PBXBuildFile; fileRef = BB3161EC1E1635D5005DD9D2 /* GBError.m */; };
		BB46FBF71E1C93270062D439 /* GBSettings.h in Headers */ = {isa = PBXBuildFile; fileRef = BB46FBF51E1C93270062D439 /* GBSettings.h */; };
		BB46FBF81E1C93270062D439 /* GBSettings.m in Sources */ = {isa = PBXBuildFile; fileRef = BB46FBF61E1C93270062D439 /* GBSettings.m */; };
		BB5D2C0A1E24BDC000815FBA /* AuthService.h in Headers */ = {isa = PBXBuildFile; fileRef = BB5D2C091E24BDC000815FBA /* AuthService.h */; };
		BB5D2C0D1E24BFB000815FBA /* GBAuthService.h in Headers */ = {isa = PBXBuildFile; fileRef = BB5D2C0B1E24BFB000815FBA /* GBAuthService.h */; };
		BB5D2C0E1E24BFB000815FBA /* GBAuthService.m in Sources */ = {isa = PBXBuildFile; fileRef = BB5D2C0C1E24BFB000815FBA /* GBAuthService.m */; };
		BB5D2C101E24C3EF00815FBA /* AuthAccount.h in Headers */ = {isa = PBXBuildFile; fileRef = BB5D2C0F1E24C3EF00815FBA /* AuthAccount.h */; };
		BB5D2C131E24C45A00815FBA /* GBFacebookService.h in Headers */ = {isa = PBXBuildFile; fileRef = BB5D2C111E24C45A00815FBA /* GBFacebookService.h */; };
		BB5D2C141E24C45A00815FBA /* GBFacebookService.m in Sources */ = {isa = PBXBuildFile; fileRef = BB5D2C121E24C45A00815FBA /* GBFacebookService.m */; };
		BB5D2C181E25096A00815FBA /* NSData+Formatter.h in Headers */ = {isa = PBXBuildFile; fileRef = BB5D2C161E25096A00815FBA /* NSData+Formatter.h */; };
		BB5D2C191E25096A00815FBA /* NSData+Formatter.m in Sources */ = {isa = PBXBuildFile; fileRef = BB5D2C171E25096A00815FBA /* NSData+Formatter.m */; };
		BB5D33A51E27283600EBA84F /* GBGuestAccount.h in Headers */ = {isa = PBXBuildFile; fileRef = BB5D33A31E27283600EBA84F /* GBGuestAccount.h */; };
		BB5D33A61E27283600EBA84F /* GBGuestAccount.m in Sources */ = {isa = PBXBuildFile; fileRef = BB5D33A41E27283600EBA84F /* GBGuestAccount.m */; };
		BB5D33A91E2742EA00EBA84F /* GBFacebookAccount.h in Headers */ = {isa = PBXBuildFile; fileRef = BB5D33A71E2742EA00EBA84F /* GBFacebookAccount.h */; };
		BB5D33AA1E2742EA00EBA84F /* GBFacebookAccount.m in Sources */ = {isa = PBXBuildFile; fileRef = BB5D33A81E2742EA00EBA84F /* GBFacebookAccount.m */; };
		BB5D33B11E2767E200EBA84F /* FBSDKCoreKit.framework in Frameworks */ = {isa = PBXBuildFile; fileRef = BB5D33AF1E2767E200EBA84F /* FBSDKCoreKit.framework */; };
		BB5D33B21E2767E200EBA84F /* FBSDKLoginKit.framework in Frameworks */ = {isa = PBXBuildFile; fileRef = BB5D33B01E2767E200EBA84F /* FBSDKLoginKit.framework */; };
		BB5D33B61E277C9B00EBA84F /* AFURLSessionManager.h in Headers */ = {isa = PBXBuildFile; fileRef = BB5D33B41E277C9B00EBA84F /* AFURLSessionManager.h */; };
		BB5D33B71E277C9B00EBA84F /* AFURLSessionManager.m in Sources */ = {isa = PBXBuildFile; fileRef = BB5D33B51E277C9B00EBA84F /* AFURLSessionManager.m */; };
		BB5D33BC1E277CCD00EBA84F /* AFURLRequestSerialization.h in Headers */ = {isa = PBXBuildFile; fileRef = BB5D33B81E277CCD00EBA84F /* AFURLRequestSerialization.h */; };
		BB5D33BD1E277CCD00EBA84F /* AFURLRequestSerialization.m in Sources */ = {isa = PBXBuildFile; fileRef = BB5D33B91E277CCD00EBA84F /* AFURLRequestSerialization.m */; };
		BB5D33BE1E277CCD00EBA84F /* AFURLResponseSerialization.h in Headers */ = {isa = PBXBuildFile; fileRef = BB5D33BA1E277CCD00EBA84F /* AFURLResponseSerialization.h */; };
		BB5D33BF1E277CCD00EBA84F /* AFURLResponseSerialization.m in Sources */ = {isa = PBXBuildFile; fileRef = BB5D33BB1E277CCD00EBA84F /* AFURLResponseSerialization.m */; };
		BB5D33C21E277D1D00EBA84F /* AFSecurityPolicy.h in Headers */ = {isa = PBXBuildFile; fileRef = BB5D33C01E277D1D00EBA84F /* AFSecurityPolicy.h */; };
		BB5D33C31E277D1D00EBA84F /* AFSecurityPolicy.m in Sources */ = {isa = PBXBuildFile; fileRef = BB5D33C11E277D1D00EBA84F /* AFSecurityPolicy.m */; };
		BB5D33C61E277D4000EBA84F /* AFNetworkReachabilityManager.h in Headers */ = {isa = PBXBuildFile; fileRef = BB5D33C41E277D4000EBA84F /* AFNetworkReachabilityManager.h */; };
		BB5D33C71E277D4000EBA84F /* AFNetworkReachabilityManager.m in Sources */ = {isa = PBXBuildFile; fileRef = BB5D33C51E277D4000EBA84F /* AFNetworkReachabilityManager.m */; };
		BB5D33C91E27854800EBA84F /* AFNetworking.h in Headers */ = {isa = PBXBuildFile; fileRef = BB5D33C81E27854800EBA84F /* AFNetworking.h */; };
		BB797B8C1E1BAE1F00014356 /* GBApiRequest.h in Headers */ = {isa = PBXBuildFile; fileRef = BB797B8A1E1BAE1F00014356 /* GBApiRequest.h */; };
		BB797B8D1E1BAE1F00014356 /* GBApiRequest.m in Sources */ = {isa = PBXBuildFile; fileRef = BB797B8B1E1BAE1F00014356 /* GBApiRequest.m */; };
		BB8255F81E236D61006A4FBD /* GBSession.h in Headers */ = {isa = PBXBuildFile; fileRef = BB8255F61E236D61006A4FBD /* GBSession.h */; };
		BB8255F91E236D61006A4FBD /* GBSession.m in Sources */ = {isa = PBXBuildFile; fileRef = BB8255F71E236D61006A4FBD /* GBSession.m */; };
		BB8255FC1E2371A6006A4FBD /* GBSession+Internal.h in Headers */ = {isa = PBXBuildFile; fileRef = BB8255FA1E2371A6006A4FBD /* GBSession+Internal.h */; };
		BB8255FD1E2371A6006A4FBD /* GBSession+Internal.m in Sources */ = {isa = PBXBuildFile; fileRef = BB8255FB1E2371A6006A4FBD /* GBSession+Internal.m */; };
		BB8256001E2377C3006A4FBD /* Reachability.h in Headers */ = {isa = PBXBuildFile; fileRef = BB8255FE1E2377C3006A4FBD /* Reachability.h */; };
		BB8256011E2377C3006A4FBD /* Reachability.m in Sources */ = {isa = PBXBuildFile; fileRef = BB8255FF1E2377C3006A4FBD /* Reachability.m */; };
		BB8256041E238FCC006A4FBD /* GBProtocol.h in Headers */ = {isa = PBXBuildFile; fileRef = BB8256021E238FCC006A4FBD /* GBProtocol.h */; };
		BB8256051E238FCC006A4FBD /* GBProtocol.m in Sources */ = {isa = PBXBuildFile; fileRef = BB8256031E238FCC006A4FBD /* GBProtocol.m */; };
		BB8256081E239034006A4FBD /* GBProtocol+Session.h in Headers */ = {isa = PBXBuildFile; fileRef = BB8256061E239034006A4FBD /* GBProtocol+Session.h */; };
		BB8256091E239034006A4FBD /* GBProtocol+Session.m in Sources */ = {isa = PBXBuildFile; fileRef = BB8256071E239034006A4FBD /* GBProtocol+Session.m */; };
/* End PBXBuildFile section */

/* Begin PBXFileReference section */
		BB03960F1E23EB1F00413257 /* GBAccountStore.h */ = {isa = PBXFileReference; fileEncoding = 4; lastKnownFileType = sourcecode.c.h; name = GBAccountStore.h; path = GBSdk/GBAccountStore.h; sourceTree = "<group>"; };
		BB0396101E23EB1F00413257 /* GBAccountStore.m */ = {isa = PBXFileReference; fileEncoding = 4; lastKnownFileType = sourcecode.c.objc; name = GBAccountStore.m; path = GBSdk/GBAccountStore.m; sourceTree = "<group>"; };
		BB0396131E2401E400413257 /* GBAccount.h */ = {isa = PBXFileReference; fileEncoding = 4; lastKnownFileType = sourcecode.c.h; name = GBAccount.h; path = GBSdk/GBAccount.h; sourceTree = "<group>"; };
		BB0396141E2401E400413257 /* GBAccount.m */ = {isa = PBXFileReference; fileEncoding = 4; lastKnownFileType = sourcecode.c.objc; name = GBAccount.m; path = GBSdk/GBAccount.m; sourceTree = "<group>"; };
		BB0DC2061E151128008ADA92 /* GBSdk.framework */ = {isa = PBXFileReference; explicitFileType = wrapper.framework; includeInIndex = 0; path = GBSdk.framework; sourceTree = BUILT_PRODUCTS_DIR; };
		BB0DC2091E151128008ADA92 /* GBSdk.h */ = {isa = PBXFileReference; lastKnownFileType = sourcecode.c.h; path = GBSdk.h; sourceTree = "<group>"; };
		BB0DC20A1E151128008ADA92 /* Info.plist */ = {isa = PBXFileReference; lastKnownFileType = text.plist.xml; path = Info.plist; sourceTree = "<group>"; };
		BB3161B91E1600E9005DD9D2 /* GBSdk.m */ = {isa = PBXFileReference; fileEncoding = 4; lastKnownFileType = sourcecode.c.objc; path = GBSdk.m; sourceTree = "<group>"; };
		BB3161BE1E16045E005DD9D2 /* GBLog.h */ = {isa = PBXFileReference; fileEncoding = 4; lastKnownFileType = sourcecode.c.h; name = GBLog.h; path = GBSdk/Util/GBLog.h; sourceTree = "<group>"; };
		BB3161C21E1613A2005DD9D2 /* GBDeviceUtil.m */ = {isa = PBXFileReference; fileEncoding = 4; lastKnownFileType = sourcecode.c.objc; name = GBDeviceUtil.m; path = GBSdk/Util/GBDeviceUtil.m; sourceTree = "<group>"; };
		BB3161C41E1613CD005DD9D2 /* GBDeviceUtil.h */ = {isa = PBXFileReference; lastKnownFileType = sourcecode.c.h; name = GBDeviceUtil.h; path = GBSdk/Util/GBDeviceUtil.h; sourceTree = "<group>"; };
		BB3161C51E1629ED005DD9D2 /* SSKeychain.h */ = {isa = PBXFileReference; fileEncoding = 4; lastKnownFileType = sourcecode.c.h; name = SSKeychain.h; path = GBSdk/Util/SSKeychain.h; sourceTree = "<group>"; };
		BB3161C61E1629ED005DD9D2 /* SSKeychain.m */ = {isa = PBXFileReference; fileEncoding = 4; lastKnownFileType = sourcecode.c.objc; name = SSKeychain.m; path = GBSdk/Util/SSKeychain.m; sourceTree = "<group>"; };
		BB3161CA1E1633B5005DD9D2 /* GBAddPaymentAction.h */ = {isa = PBXFileReference; fileEncoding = 4; lastKnownFileType = sourcecode.c.h; name = GBAddPaymentAction.h; path = GBSdk/InApp/GBAddPaymentAction.h; sourceTree = "<group>"; };
		BB3161CB1E1633B5005DD9D2 /* GBAddPaymentAction.m */ = {isa = PBXFileReference; fileEncoding = 4; lastKnownFileType = sourcecode.c.objc; name = GBAddPaymentAction.m; path = GBSdk/InApp/GBAddPaymentAction.m; sourceTree = "<group>"; };
		BB3161CC1E1633B5005DD9D2 /* GBLog+Store.h */ = {isa = PBXFileReference; fileEncoding = 4; lastKnownFileType = sourcecode.c.h; name = "GBLog+Store.h"; path = "GBSdk/InApp/GBLog+Store.h"; sourceTree = "<group>"; };
		BB3161CD1E1633B5005DD9D2 /* GBLog+Store.m */ = {isa = PBXFileReference; fileEncoding = 4; lastKnownFileType = sourcecode.c.objc; name = "GBLog+Store.m"; path = "GBSdk/InApp/GBLog+Store.m"; sourceTree = "<group>"; };
		BB3161CE1E1633B5005DD9D2 /* GBProductRequestDelegate.h */ = {isa = PBXFileReference; fileEncoding = 4; lastKnownFileType = sourcecode.c.h; name = GBProductRequestDelegate.h; path = GBSdk/InApp/GBProductRequestDelegate.h; sourceTree = "<group>"; };
		BB3161CF1E1633B5005DD9D2 /* GBProductRequestDelegate.m */ = {isa = PBXFileReference; fileEncoding = 4; lastKnownFileType = sourcecode.c.objc; name = GBProductRequestDelegate.m; path = GBSdk/InApp/GBProductRequestDelegate.m; sourceTree = "<group>"; };
		BB3161D01E1633B5005DD9D2 /* GBProtocol+Store.h */ = {isa = PBXFileReference; fileEncoding = 4; lastKnownFileType = sourcecode.c.h; name = "GBProtocol+Store.h"; path = "GBSdk/InApp/GBProtocol+Store.h"; sourceTree = "<group>"; };
		BB3161D11E1633B5005DD9D2 /* GBProtocol+Store.m */ = {isa = PBXFileReference; fileEncoding = 4; lastKnownFileType = sourcecode.c.objc; name = "GBProtocol+Store.m"; path = "GBSdk/InApp/GBProtocol+Store.m"; sourceTree = "<group>"; };
		BB3161D21E1633B5005DD9D2 /* GBReceiptVerificator.h */ = {isa = PBXFileReference; fileEncoding = 4; lastKnownFileType = sourcecode.c.h; name = GBReceiptVerificator.h; path = GBSdk/InApp/GBReceiptVerificator.h; sourceTree = "<group>"; };
		BB3161D31E1633B5005DD9D2 /* GBReceiptVerificator.m */ = {isa = PBXFileReference; fileEncoding = 4; lastKnownFileType = sourcecode.c.objc; name = GBReceiptVerificator.m; path = GBSdk/InApp/GBReceiptVerificator.m; sourceTree = "<group>"; };
		BB3161D41E1633B5005DD9D2 /* GBRestoreManager.h */ = {isa = PBXFileReference; fileEncoding = 4; lastKnownFileType = sourcecode.c.h; name = GBRestoreManager.h; path = GBSdk/InApp/GBRestoreManager.h; sourceTree = "<group>"; };
		BB3161D51E1633B5005DD9D2 /* GBRestoreManager.m */ = {isa = PBXFileReference; fileEncoding = 4; lastKnownFileType = sourcecode.c.objc; name = GBRestoreManager.m; path = GBSdk/InApp/GBRestoreManager.m; sourceTree = "<group>"; };
		BB3161D61E1633B5005DD9D2 /* GBInApp.h */ = {isa = PBXFileReference; fileEncoding = 4; lastKnownFileType = sourcecode.c.h; name = GBInApp.h; path = GBSdk/InApp/GBInApp.h; sourceTree = "<group>"; };
		BB3161D71E1633B5005DD9D2 /* GBInApp.m */ = {isa = PBXFileReference; fileEncoding = 4; lastKnownFileType = sourcecode.c.objc; name = GBInApp.m; path = GBSdk/InApp/GBInApp.m; sourceTree = "<group>"; };
		BB3161EB1E1635D5005DD9D2 /* GBError.h */ = {isa = PBXFileReference; fileEncoding = 4; lastKnownFileType = sourcecode.c.h; name = GBError.h; path = GBSdk/GBError.h; sourceTree = "<group>"; };
		BB3161EC1E1635D5005DD9D2 /* GBError.m */ = {isa = PBXFileReference; fileEncoding = 4; lastKnownFileType = sourcecode.c.objc; name = GBError.m; path = GBSdk/GBError.m; sourceTree = "<group>"; };
		BB46FBF51E1C93270062D439 /* GBSettings.h */ = {isa = PBXFileReference; fileEncoding = 4; lastKnownFileType = sourcecode.c.h; path = GBSettings.h; sourceTree = "<group>"; };
		BB46FBF61E1C93270062D439 /* GBSettings.m */ = {isa = PBXFileReference; fileEncoding = 4; lastKnownFileType = sourcecode.c.objc; path = GBSettings.m; sourceTree = "<group>"; };
		BB5D2C091E24BDC000815FBA /* AuthService.h */ = {isa = PBXFileReference; fileEncoding = 4; lastKnownFileType = sourcecode.c.h; name = AuthService.h; path = GBSdk/AuthService.h; sourceTree = "<group>"; };
		BB5D2C0B1E24BFB000815FBA /* GBAuthService.h */ = {isa = PBXFileReference; fileEncoding = 4; lastKnownFileType = sourcecode.c.h; name = GBAuthService.h; path = GBSdk/GBAuthService.h; sourceTree = "<group>"; };
		BB5D2C0C1E24BFB000815FBA /* GBAuthService.m */ = {isa = PBXFileReference; fileEncoding = 4; lastKnownFileType = sourcecode.c.objc; name = GBAuthService.m; path = GBSdk/GBAuthService.m; sourceTree = "<group>"; };
		BB5D2C0F1E24C3EF00815FBA /* AuthAccount.h */ = {isa = PBXFileReference; fileEncoding = 4; lastKnownFileType = sourcecode.c.h; name = AuthAccount.h; path = GBSdk/AuthAccount.h; sourceTree = "<group>"; };
		BB5D2C111E24C45A00815FBA /* GBFacebookService.h */ = {isa = PBXFileReference; fileEncoding = 4; lastKnownFileType = sourcecode.c.h; name = GBFacebookService.h; path = GBSdk/GBFacebookService.h; sourceTree = "<group>"; };
		BB5D2C121E24C45A00815FBA /* GBFacebookService.m */ = {isa = PBXFileReference; fileEncoding = 4; lastKnownFileType = sourcecode.c.objc; name = GBFacebookService.m; path = GBSdk/GBFacebookService.m; sourceTree = "<group>"; };
		BB5D2C151E24FB9F00815FBA /* GBGlobal.h */ = {isa = PBXFileReference; lastKnownFileType = sourcecode.c.h; path = GBGlobal.h; sourceTree = "<group>"; };
		BB5D2C161E25096A00815FBA /* NSData+Formatter.h */ = {isa = PBXFileReference; fileEncoding = 4; lastKnownFileType = sourcecode.c.h; name = "NSData+Formatter.h"; path = "GBSdk/NSData+Formatter.h"; sourceTree = "<group>"; };
		BB5D2C171E25096A00815FBA /* NSData+Formatter.m */ = {isa = PBXFileReference; fileEncoding = 4; lastKnownFileType = sourcecode.c.objc; name = "NSData+Formatter.m"; path = "GBSdk/NSData+Formatter.m"; sourceTree = "<group>"; };
		BB5D2C1A1E25F61900815FBA /* Singletone.h */ = {isa = PBXFileReference; lastKnownFileType = sourcecode.c.h; name = Singletone.h; path = GBSdk/Util/Singletone.h; sourceTree = "<group>"; };
		BB5D33A31E27283600EBA84F /* GBGuestAccount.h */ = {isa = PBXFileReference; fileEncoding = 4; lastKnownFileType = sourcecode.c.h; name = GBGuestAccount.h; path = GBSdk/GBGuestAccount.h; sourceTree = "<group>"; };
		BB5D33A41E27283600EBA84F /* GBGuestAccount.m */ = {isa = PBXFileReference; fileEncoding = 4; lastKnownFileType = sourcecode.c.objc; name = GBGuestAccount.m; path = GBSdk/GBGuestAccount.m; sourceTree = "<group>"; };
		BB5D33A71E2742EA00EBA84F /* GBFacebookAccount.h */ = {isa = PBXFileReference; fileEncoding = 4; lastKnownFileType = sourcecode.c.h; name = GBFacebookAccount.h; path = GBSdk/GBFacebookAccount.h; sourceTree = "<group>"; };
		BB5D33A81E2742EA00EBA84F /* GBFacebookAccount.m */ = {isa = PBXFileReference; fileEncoding = 4; lastKnownFileType = sourcecode.c.objc; name = GBFacebookAccount.m; path = GBSdk/GBFacebookAccount.m; sourceTree = "<group>"; };
		BB5D33AF1E2767E200EBA84F /* FBSDKCoreKit.framework */ = {isa = PBXFileReference; lastKnownFileType = wrapper.framework; name = FBSDKCoreKit.framework; path = ../Framework/Facebook/FBSDKCoreKit.framework; sourceTree = "<group>"; };
		BB5D33B01E2767E200EBA84F /* FBSDKLoginKit.framework */ = {isa = PBXFileReference; lastKnownFileType = wrapper.framework; name = FBSDKLoginKit.framework; path = ../Framework/Facebook/FBSDKLoginKit.framework; sourceTree = "<group>"; };
		BB5D33B41E277C9B00EBA84F /* AFURLSessionManager.h */ = {isa = PBXFileReference; fileEncoding = 4; lastKnownFileType = sourcecode.c.h; name = AFURLSessionManager.h; path = GBSdk/Library/AFURLSessionManager.h; sourceTree = "<group>"; };
		BB5D33B51E277C9B00EBA84F /* AFURLSessionManager.m */ = {isa = PBXFileReference; fileEncoding = 4; lastKnownFileType = sourcecode.c.objc; name = AFURLSessionManager.m; path = GBSdk/Library/AFURLSessionManager.m; sourceTree = "<group>"; };
		BB5D33B81E277CCD00EBA84F /* AFURLRequestSerialization.h */ = {isa = PBXFileReference; fileEncoding = 4; lastKnownFileType = sourcecode.c.h; name = AFURLRequestSerialization.h; path = GBSdk/Library/AFURLRequestSerialization.h; sourceTree = "<group>"; };
		BB5D33B91E277CCD00EBA84F /* AFURLRequestSerialization.m */ = {isa = PBXFileReference; fileEncoding = 4; lastKnownFileType = sourcecode.c.objc; name = AFURLRequestSerialization.m; path = GBSdk/Library/AFURLRequestSerialization.m; sourceTree = "<group>"; };
		BB5D33BA1E277CCD00EBA84F /* AFURLResponseSerialization.h */ = {isa = PBXFileReference; fileEncoding = 4; lastKnownFileType = sourcecode.c.h; name = AFURLResponseSerialization.h; path = GBSdk/Library/AFURLResponseSerialization.h; sourceTree = "<group>"; };
		BB5D33BB1E277CCD00EBA84F /* AFURLResponseSerialization.m */ = {isa = PBXFileReference; fileEncoding = 4; lastKnownFileType = sourcecode.c.objc; name = AFURLResponseSerialization.m; path = GBSdk/Library/AFURLResponseSerialization.m; sourceTree = "<group>"; };
		BB5D33C01E277D1D00EBA84F /* AFSecurityPolicy.h */ = {isa = PBXFileReference; fileEncoding = 4; lastKnownFileType = sourcecode.c.h; name = AFSecurityPolicy.h; path = GBSdk/Library/AFSecurityPolicy.h; sourceTree = "<group>"; };
		BB5D33C11E277D1D00EBA84F /* AFSecurityPolicy.m */ = {isa = PBXFileReference; fileEncoding = 4; lastKnownFileType = sourcecode.c.objc; name = AFSecurityPolicy.m; path = GBSdk/Library/AFSecurityPolicy.m; sourceTree = "<group>"; };
		BB5D33C41E277D4000EBA84F /* AFNetworkReachabilityManager.h */ = {isa = PBXFileReference; fileEncoding = 4; lastKnownFileType = sourcecode.c.h; name = AFNetworkReachabilityManager.h; path = GBSdk/Library/AFNetworkReachabilityManager.h; sourceTree = "<group>"; };
		BB5D33C51E277D4000EBA84F /* AFNetworkReachabilityManager.m */ = {isa = PBXFileReference; fileEncoding = 4; lastKnownFileType = sourcecode.c.objc; name = AFNetworkReachabilityManager.m; path = GBSdk/Library/AFNetworkReachabilityManager.m; sourceTree = "<group>"; };
		BB5D33C81E27854800EBA84F /* AFNetworking.h */ = {isa = PBXFileReference; fileEncoding = 4; lastKnownFileType = sourcecode.c.h; name = AFNetworking.h; path = GBSdk/Library/AFNetworking.h; sourceTree = "<group>"; };
		BB797B8A1E1BAE1F00014356 /* GBApiRequest.h */ = {isa = PBXFileReference; fileEncoding = 4; lastKnownFileType = sourcecode.c.h; name = GBApiRequest.h; path = GBSdk/GBApiRequest.h; sourceTree = "<group>"; };
		BB797B8B1E1BAE1F00014356 /* GBApiRequest.m */ = {isa = PBXFileReference; fileEncoding = 4; lastKnownFileType = sourcecode.c.objc; name = GBApiRequest.m; path = GBSdk/GBApiRequest.m; sourceTree = "<group>"; };
		BB8255F61E236D61006A4FBD /* GBSession.h */ = {isa = PBXFileReference; fileEncoding = 4; lastKnownFileType = sourcecode.c.h; name = GBSession.h; path = GBSdk/GBSession.h; sourceTree = "<group>"; };
		BB8255F71E236D61006A4FBD /* GBSession.m */ = {isa = PBXFileReference; fileEncoding = 4; lastKnownFileType = sourcecode.c.objc; name = GBSession.m; path = GBSdk/GBSession.m; sourceTree = "<group>"; };
		BB8255FA1E2371A6006A4FBD /* GBSession+Internal.h */ = {isa = PBXFileReference; fileEncoding = 4; lastKnownFileType = sourcecode.c.h; name = "GBSession+Internal.h"; path = "GBSdk/GBSession+Internal.h"; sourceTree = "<group>"; };
		BB8255FB1E2371A6006A4FBD /* GBSession+Internal.m */ = {isa = PBXFileReference; fileEncoding = 4; lastKnownFileType = sourcecode.c.objc; name = "GBSession+Internal.m"; path = "GBSdk/GBSession+Internal.m"; sourceTree = "<group>"; };
		BB8255FE1E2377C3006A4FBD /* Reachability.h */ = {isa = PBXFileReference; fileEncoding = 4; lastKnownFileType = sourcecode.c.h; name = Reachability.h; path = GBSdk/Reachability.h; sourceTree = "<group>"; };
		BB8255FF1E2377C3006A4FBD /* Reachability.m */ = {isa = PBXFileReference; fileEncoding = 4; lastKnownFileType = sourcecode.c.objc; name = Reachability.m; path = GBSdk/Reachability.m; sourceTree = "<group>"; };
		BB8256021E238FCC006A4FBD /* GBProtocol.h */ = {isa = PBXFileReference; fileEncoding = 4; lastKnownFileType = sourcecode.c.h; name = GBProtocol.h; path = GBSdk/GBProtocol.h; sourceTree = "<group>"; };
		BB8256031E238FCC006A4FBD /* GBProtocol.m */ = {isa = PBXFileReference; fileEncoding = 4; lastKnownFileType = sourcecode.c.objc; name = GBProtocol.m; path = GBSdk/GBProtocol.m; sourceTree = "<group>"; };
		BB8256061E239034006A4FBD /* GBProtocol+Session.h */ = {isa = PBXFileReference; fileEncoding = 4; lastKnownFileType = sourcecode.c.h; name = "GBProtocol+Session.h"; path = "GBSdk/GBProtocol+Session.h"; sourceTree = "<group>"; };
		BB8256071E239034006A4FBD /* GBProtocol+Session.m */ = {isa = PBXFileReference; fileEncoding = 4; lastKnownFileType = sourcecode.c.objc; name = "GBProtocol+Session.m"; path = "GBSdk/GBProtocol+Session.m"; sourceTree = "<group>"; };
/* End PBXFileReference section */

/* Begin PBXFrameworksBuildPhase section */
		BB0DC2021E151128008ADA92 /* Frameworks */ = {
			isa = PBXFrameworksBuildPhase;
			buildActionMask = 2147483647;
			files = (
				BB5D33B21E2767E200EBA84F /* FBSDKLoginKit.framework in Frameworks */,
				BB5D33B11E2767E200EBA84F /* FBSDKCoreKit.framework in Frameworks */,
			);
			runOnlyForDeploymentPostprocessing = 0;
		};
/* End PBXFrameworksBuildPhase section */

/* Begin PBXGroup section */
		BB0DC1FC1E151128008ADA92 = {
			isa = PBXGroup;
			children = (
				BB5D33B31E277B5000EBA84F /* Library */,
				BB5D339E1E27239D00EBA84F /* Framework */,
				BB46FBF41E1C90990062D439 /* Account */,
				BB5986FB1E19DEF0003891F1 /* Network */,
				BB3161EF1E163871005DD9D2 /* Category */,
				BB3161EA1E16358D005DD9D2 /* Error */,
				BB3161C91E162CFD005DD9D2 /* InApp */,
				BB3161BB1E160123005DD9D2 /* Util */,
				BB0DC2081E151128008ADA92 /* GBSdk */,
				BB0DC2071E151128008ADA92 /* Products */,
			);
			sourceTree = "<group>";
		};
		BB0DC2071E151128008ADA92 /* Products */ = {
			isa = PBXGroup;
			children = (
				BB0DC2061E151128008ADA92 /* GBSdk.framework */,
			);
			name = Products;
			sourceTree = "<group>";
		};
		BB0DC2081E151128008ADA92 /* GBSdk */ = {
			isa = PBXGroup;
			children = (
				BB5D2C151E24FB9F00815FBA /* GBGlobal.h */,
				BB0DC2091E151128008ADA92 /* GBSdk.h */,
				BB3161B91E1600E9005DD9D2 /* GBSdk.m */,
				BB0DC20A1E151128008ADA92 /* Info.plist */,
				BB46FBF51E1C93270062D439 /* GBSettings.h */,
				BB46FBF61E1C93270062D439 /* GBSettings.m */,
			);
			path = GBSdk;
			sourceTree = "<group>";
		};
		BB3161BB1E160123005DD9D2 /* Util */ = {
			isa = PBXGroup;
			children = (
				BB3161C51E1629ED005DD9D2 /* SSKeychain.h */,
				BB3161C61E1629ED005DD9D2 /* SSKeychain.m */,
				BB3161BE1E16045E005DD9D2 /* GBLog.h */,
				BB3161C41E1613CD005DD9D2 /* GBDeviceUtil.h */,
				BB3161C21E1613A2005DD9D2 /* GBDeviceUtil.m */,
				BB5D2C1A1E25F61900815FBA /* Singletone.h */,
			);
			name = Util;
			sourceTree = "<group>";
		};
		BB3161C91E162CFD005DD9D2 /* InApp */ = {
			isa = PBXGroup;
			children = (
				BB3161CA1E1633B5005DD9D2 /* GBAddPaymentAction.h */,
				BB3161CB1E1633B5005DD9D2 /* GBAddPaymentAction.m */,
				BB3161CC1E1633B5005DD9D2 /* GBLog+Store.h */,
				BB3161CD1E1633B5005DD9D2 /* GBLog+Store.m */,
				BB3161CE1E1633B5005DD9D2 /* GBProductRequestDelegate.h */,
				BB3161CF1E1633B5005DD9D2 /* GBProductRequestDelegate.m */,
				BB3161D01E1633B5005DD9D2 /* GBProtocol+Store.h */,
				BB3161D11E1633B5005DD9D2 /* GBProtocol+Store.m */,
				BB3161D21E1633B5005DD9D2 /* GBReceiptVerificator.h */,
				BB3161D31E1633B5005DD9D2 /* GBReceiptVerificator.m */,
				BB3161D41E1633B5005DD9D2 /* GBRestoreManager.h */,
				BB3161D51E1633B5005DD9D2 /* GBRestoreManager.m */,
				BB3161D61E1633B5005DD9D2 /* GBInApp.h */,
				BB3161D71E1633B5005DD9D2 /* GBInApp.m */,
			);
			name = InApp;
			sourceTree = "<group>";
		};
		BB3161EA1E16358D005DD9D2 /* Error */ = {
			isa = PBXGroup;
			children = (
				BB3161EB1E1635D5005DD9D2 /* GBError.h */,
				BB3161EC1E1635D5005DD9D2 /* GBError.m */,
			);
			name = Error;
			sourceTree = "<group>";
		};
		BB3161EF1E163871005DD9D2 /* Category */ = {
			isa = PBXGroup;
			children = (
				BB5D2C161E25096A00815FBA /* NSData+Formatter.h */,
				BB5D2C171E25096A00815FBA /* NSData+Formatter.m */,
			);
			name = Category;
			sourceTree = "<group>";
		};
		BB46FBF41E1C90990062D439 /* Account */ = {
			isa = PBXGroup;
			children = (
				BB8255F61E236D61006A4FBD /* GBSession.h */,
				BB8255F71E236D61006A4FBD /* GBSession.m */,
				BB8255FA1E2371A6006A4FBD /* GBSession+Internal.h */,
				BB8255FB1E2371A6006A4FBD /* GBSession+Internal.m */,
				BB03960F1E23EB1F00413257 /* GBAccountStore.h */,
				BB0396101E23EB1F00413257 /* GBAccountStore.m */,
				BB0396131E2401E400413257 /* GBAccount.h */,
				BB0396141E2401E400413257 /* GBAccount.m */,
				BB5D2C091E24BDC000815FBA /* AuthService.h */,
				BB5D2C0B1E24BFB000815FBA /* GBAuthService.h */,
				BB5D2C0C1E24BFB000815FBA /* GBAuthService.m */,
				BB5D2C0F1E24C3EF00815FBA /* AuthAccount.h */,
				BB5D2C111E24C45A00815FBA /* GBFacebookService.h */,
				BB5D2C121E24C45A00815FBA /* GBFacebookService.m */,
				BB5D33A31E27283600EBA84F /* GBGuestAccount.h */,
				BB5D33A41E27283600EBA84F /* GBGuestAccount.m */,
				BB5D33A71E2742EA00EBA84F /* GBFacebookAccount.h */,
				BB5D33A81E2742EA00EBA84F /* GBFacebookAccount.m */,
			);
			name = Account;
			sourceTree = "<group>";
		};
		BB5986FB1E19DEF0003891F1 /* Network */ = {
			isa = PBXGroup;
			children = (
				BB8255FE1E2377C3006A4FBD /* Reachability.h */,
				BB8255FF1E2377C3006A4FBD /* Reachability.m */,
				BB797B8A1E1BAE1F00014356 /* GBApiRequest.h */,
				BB797B8B1E1BAE1F00014356 /* GBApiRequest.m */,
				BB8256021E238FCC006A4FBD /* GBProtocol.h */,
				BB8256031E238FCC006A4FBD /* GBProtocol.m */,
				BB8256061E239034006A4FBD /* GBProtocol+Session.h */,
				BB8256071E239034006A4FBD /* GBProtocol+Session.m */,
			);
			name = Network;
			sourceTree = "<group>";
		};
		BB5D339E1E27239D00EBA84F /* Framework */ = {
			isa = PBXGroup;
			children = (
				BB5D33AF1E2767E200EBA84F /* FBSDKCoreKit.framework */,
				BB5D33B01E2767E200EBA84F /* FBSDKLoginKit.framework */,
			);
			name = Framework;
			sourceTree = "<group>";
		};
		BB5D33B31E277B5000EBA84F /* Library */ = {
			isa = PBXGroup;
			children = (
				BB5D33C81E27854800EBA84F /* AFNetworking.h */,
				BB5D33C41E277D4000EBA84F /* AFNetworkReachabilityManager.h */,
				BB5D33C51E277D4000EBA84F /* AFNetworkReachabilityManager.m */,
				BB5D33C01E277D1D00EBA84F /* AFSecurityPolicy.h */,
				BB5D33C11E277D1D00EBA84F /* AFSecurityPolicy.m */,
				BB5D33B81E277CCD00EBA84F /* AFURLRequestSerialization.h */,
				BB5D33B91E277CCD00EBA84F /* AFURLRequestSerialization.m */,
				BB5D33BA1E277CCD00EBA84F /* AFURLResponseSerialization.h */,
				BB5D33BB1E277CCD00EBA84F /* AFURLResponseSerialization.m */,
				BB5D33B41E277C9B00EBA84F /* AFURLSessionManager.h */,
				BB5D33B51E277C9B00EBA84F /* AFURLSessionManager.m */,
			);
			name = Library;
			sourceTree = "<group>";
		};
/* End PBXGroup section */

/* Begin PBXHeadersBuildPhase section */
		BB0DC2031E151128008ADA92 /* Headers */ = {
			isa = PBXHeadersBuildPhase;
			buildActionMask = 2147483647;
			files = (
				BB5D33B61E277C9B00EBA84F /* AFURLSessionManager.h in Headers */,
				BB3161DC1E1633B5005DD9D2 /* GBLog+Store.h in Headers */,
				BB5D33BC1E277CCD00EBA84F /* AFURLRequestSerialization.h in Headers */,
				BB8256041E238FCC006A4FBD /* GBProtocol.h in Headers */,
				BB3161DA1E1633B5005DD9D2 /* GBAddPaymentAction.h in Headers */,
				BB3161C71E1629ED005DD9D2 /* SSKeychain.h in Headers */,
				BB5D2C0D1E24BFB000815FBA /* GBAuthService.h in Headers */,
				BB5D2C101E24C3EF00815FBA /* AuthAccount.h in Headers */,
				BB8255F81E236D61006A4FBD /* GBSession.h in Headers */,
				BB5D33BE1E277CCD00EBA84F /* AFURLResponseSerialization.h in Headers */,
				BB8256001E2377C3006A4FBD /* Reachability.h in Headers */,
				BB3161E01E1633B5005DD9D2 /* GBProtocol+Store.h in Headers */,
				BB0DC20B1E151128008ADA92 /* GBSdk.h in Headers */,
				BB3161DE1E1633B5005DD9D2 /* GBProductRequestDelegate.h in Headers */,
				BB3161E41E1633B5005DD9D2 /* GBRestoreManager.h in Headers */,
				BB0396151E2401E400413257 /* GBAccount.h in Headers */,
				BB0396111E23EB1F00413257 /* GBAccountStore.h in Headers */,
				BB5D33A91E2742EA00EBA84F /* GBFacebookAccount.h in Headers */,
				BB3161E61E1633B5005DD9D2 /* GBInApp.h in Headers */,
				BB5D33C91E27854800EBA84F /* AFNetworking.h in Headers */,
				BB8256081E239034006A4FBD /* GBProtocol+Session.h in Headers */,
				BB5D2C0A1E24BDC000815FBA /* AuthService.h in Headers */,
				BB5D33C21E277D1D00EBA84F /* AFSecurityPolicy.h in Headers */,
				BB5D33C61E277D4000EBA84F /* AFNetworkReachabilityManager.h in Headers */,
				BB5D2C181E25096A00815FBA /* NSData+Formatter.h in Headers */,
				BB3161ED1E1635D5005DD9D2 /* GBError.h in Headers */,
				BB5D2C131E24C45A00815FBA /* GBFacebookService.h in Headers */,
				BB3161E21E1633B5005DD9D2 /* GBReceiptVerificator.h in Headers */,
				BB46FBF71E1C93270062D439 /* GBSettings.h in Headers */,
				BB797B8C1E1BAE1F00014356 /* GBApiRequest.h in Headers */,
				BB5D33A51E27283600EBA84F /* GBGuestAccount.h in Headers */,
				BB8255FC1E2371A6006A4FBD /* GBSession+Internal.h in Headers */,
			);
			runOnlyForDeploymentPostprocessing = 0;
		};
/* End PBXHeadersBuildPhase section */

/* Begin PBXNativeTarget section */
		BB0DC2051E151128008ADA92 /* GBSdk */ = {
			isa = PBXNativeTarget;
			buildConfigurationList = BB0DC20E1E151128008ADA92 /* Build configuration list for PBXNativeTarget "GBSdk" */;
			buildPhases = (
				BB0DC2011E151128008ADA92 /* Sources */,
				BB0DC2021E151128008ADA92 /* Frameworks */,
				BB0DC2031E151128008ADA92 /* Headers */,
				BB0DC2041E151128008ADA92 /* Resources */,
			);
			buildRules = (
			);
			dependencies = (
			);
			name = GBSdk;
			productName = GBSdk;
			productReference = BB0DC2061E151128008ADA92 /* GBSdk.framework */;
			productType = "com.apple.product-type.framework";
		};
/* End PBXNativeTarget section */

/* Begin PBXProject section */
		BB0DC1FD1E151128008ADA92 /* Project object */ = {
			isa = PBXProject;
			attributes = {
				LastUpgradeCheck = 0820;
				ORGANIZATIONNAME = GeBros;
				TargetAttributes = {
					BB0DC2051E151128008ADA92 = {
						CreatedOnToolsVersion = 8.1;
						DevelopmentTeam = 75454T433Y;
						ProvisioningStyle = Automatic;
					};
				};
			};
			buildConfigurationList = BB0DC2001E151128008ADA92 /* Build configuration list for PBXProject "GBSdk" */;
			compatibilityVersion = "Xcode 3.2";
			developmentRegion = English;
			hasScannedForEncodings = 0;
			knownRegions = (
				en,
			);
			mainGroup = BB0DC1FC1E151128008ADA92;
			productRefGroup = BB0DC2071E151128008ADA92 /* Products */;
			projectDirPath = "";
			projectRoot = "";
			targets = (
				BB0DC2051E151128008ADA92 /* GBSdk */,
			);
		};
/* End PBXProject section */

/* Begin PBXResourcesBuildPhase section */
		BB0DC2041E151128008ADA92 /* Resources */ = {
			isa = PBXResourcesBuildPhase;
			buildActionMask = 2147483647;
			files = (
			);
			runOnlyForDeploymentPostprocessing = 0;
		};
/* End PBXResourcesBuildPhase section */

/* Begin PBXSourcesBuildPhase section */
		BB0DC2011E151128008ADA92 /* Sources */ = {
			isa = PBXSourcesBuildPhase;
			buildActionMask = 2147483647;
			files = (
				BB5D33BD1E277CCD00EBA84F /* AFURLRequestSerialization.m in Sources */,
				BB3161C31E1613A2005DD9D2 /* GBDeviceUtil.m in Sources */,
				BB46FBF81E1C93270062D439 /* GBSettings.m in Sources */,
				BB0396121E23EB1F00413257 /* GBAccountStore.m in Sources */,
				BB3161C81E1629ED005DD9D2 /* SSKeychain.m in Sources */,
				BB8255F91E236D61006A4FBD /* GBSession.m in Sources */,
				BB8256051E238FCC006A4FBD /* GBProtocol.m in Sources */,
				BB8255FD1E2371A6006A4FBD /* GBSession+Internal.m in Sources */,
				BB5D2C191E25096A00815FBA /* NSData+Formatter.m in Sources */,
				BB0396161E2401E400413257 /* GBAccount.m in Sources */,
				BB3161E71E1633B5005DD9D2 /* GBInApp.m in Sources */,
				BB797B8D1E1BAE1F00014356 /* GBApiRequest.m in Sources */,
				BB5D33B71E277C9B00EBA84F /* AFURLSessionManager.m in Sources */,
				BB8256091E239034006A4FBD /* GBProtocol+Session.m in Sources */,
				BB5D33AA1E2742EA00EBA84F /* GBFacebookAccount.m in Sources */,
				BB3161EE1E1635D5005DD9D2 /* GBError.m in Sources */,
				BB3161E51E1633B5005DD9D2 /* GBRestoreManager.m in Sources */,
				BB3161E31E1633B5005DD9D2 /* GBReceiptVerificator.m in Sources */,
				BB5D33A61E27283600EBA84F /* GBGuestAccount.m in Sources */,
				BB3161BA1E1600E9005DD9D2 /* GBSdk.m in Sources */,
				BB3161DF1E1633B5005DD9D2 /* GBProductRequestDelegate.m in Sources */,
				BB5D33C31E277D1D00EBA84F /* AFSecurityPolicy.m in Sources */,
				BB5D33C71E277D4000EBA84F /* AFNetworkReachabilityManager.m in Sources */,
				BB5D2C0E1E24BFB000815FBA /* GBAuthService.m in Sources */,
				BB3161DD1E1633B5005DD9D2 /* GBLog+Store.m in Sources */,
				BB3161E11E1633B5005DD9D2 /* GBProtocol+Store.m in Sources */,
				BB5D2C141E24C45A00815FBA /* GBFacebookService.m in Sources */,
				BB3161DB1E1633B5005DD9D2 /* GBAddPaymentAction.m in Sources */,
				BB5D33BF1E277CCD00EBA84F /* AFURLResponseSerialization.m in Sources */,
				BB8256011E2377C3006A4FBD /* Reachability.m in Sources */,
			);
			runOnlyForDeploymentPostprocessing = 0;
		};
/* End PBXSourcesBuildPhase section */

/* Begin XCBuildConfiguration section */
		BB0DC20C1E151128008ADA92 /* Debug */ = {
			isa = XCBuildConfiguration;
			buildSettings = {
				ALWAYS_SEARCH_USER_PATHS = NO;
				CLANG_ANALYZER_NONNULL = YES;
				CLANG_CXX_LANGUAGE_STANDARD = "gnu++0x";
				CLANG_CXX_LIBRARY = "libc++";
				CLANG_ENABLE_MODULES = YES;
				CLANG_ENABLE_OBJC_ARC = YES;
				CLANG_WARN_BOOL_CONVERSION = YES;
				CLANG_WARN_CONSTANT_CONVERSION = YES;
				CLANG_WARN_DIRECT_OBJC_ISA_USAGE = YES_ERROR;
				CLANG_WARN_DOCUMENTATION_COMMENTS = YES;
				CLANG_WARN_EMPTY_BODY = YES;
				CLANG_WARN_ENUM_CONVERSION = YES;
				CLANG_WARN_INFINITE_RECURSION = YES;
				CLANG_WARN_INT_CONVERSION = YES;
				CLANG_WARN_OBJC_ROOT_CLASS = YES_ERROR;
				CLANG_WARN_SUSPICIOUS_MOVE = YES;
				CLANG_WARN_SUSPICIOUS_MOVES = YES;
				CLANG_WARN_UNREACHABLE_CODE = YES;
				CLANG_WARN__DUPLICATE_METHOD_MATCH = YES;
				CODE_SIGN_IDENTITY = "";
				"CODE_SIGN_IDENTITY[sdk=iphoneos*]" = "";
				COPY_PHASE_STRIP = NO;
				CURRENT_PROJECT_VERSION = 1;
				DEBUG_INFORMATION_FORMAT = dwarf;
				ENABLE_STRICT_OBJC_MSGSEND = YES;
				ENABLE_TESTABILITY = YES;
				GCC_C_LANGUAGE_STANDARD = gnu99;
				GCC_DYNAMIC_NO_PIC = NO;
				GCC_NO_COMMON_BLOCKS = YES;
				GCC_OPTIMIZATION_LEVEL = 0;
				GCC_PREPROCESSOR_DEFINITIONS = (
					"DEBUG=1",
					"$(inherited)",
				);
				GCC_WARN_64_TO_32_BIT_CONVERSION = YES;
				GCC_WARN_ABOUT_RETURN_TYPE = YES_ERROR;
				GCC_WARN_UNDECLARED_SELECTOR = YES;
				GCC_WARN_UNINITIALIZED_AUTOS = YES_AGGRESSIVE;
				GCC_WARN_UNUSED_FUNCTION = YES;
				GCC_WARN_UNUSED_VARIABLE = YES;
				IPHONEOS_DEPLOYMENT_TARGET = 10.1;
				MTL_ENABLE_DEBUG_INFO = YES;
				ONLY_ACTIVE_ARCH = YES;
				SDKROOT = iphoneos;
				TARGETED_DEVICE_FAMILY = "1,2";
				VERSIONING_SYSTEM = "apple-generic";
				VERSION_INFO_PREFIX = "";
			};
			name = Debug;
		};
		BB0DC20D1E151128008ADA92 /* Release */ = {
			isa = XCBuildConfiguration;
			buildSettings = {
				ALWAYS_SEARCH_USER_PATHS = NO;
				CLANG_ANALYZER_NONNULL = YES;
				CLANG_CXX_LANGUAGE_STANDARD = "gnu++0x";
				CLANG_CXX_LIBRARY = "libc++";
				CLANG_ENABLE_MODULES = YES;
				CLANG_ENABLE_OBJC_ARC = YES;
				CLANG_WARN_BOOL_CONVERSION = YES;
				CLANG_WARN_CONSTANT_CONVERSION = YES;
				CLANG_WARN_DIRECT_OBJC_ISA_USAGE = YES_ERROR;
				CLANG_WARN_DOCUMENTATION_COMMENTS = YES;
				CLANG_WARN_EMPTY_BODY = YES;
				CLANG_WARN_ENUM_CONVERSION = YES;
				CLANG_WARN_INFINITE_RECURSION = YES;
				CLANG_WARN_INT_CONVERSION = YES;
				CLANG_WARN_OBJC_ROOT_CLASS = YES_ERROR;
				CLANG_WARN_SUSPICIOUS_MOVE = YES;
				CLANG_WARN_SUSPICIOUS_MOVES = YES;
				CLANG_WARN_UNREACHABLE_CODE = YES;
				CLANG_WARN__DUPLICATE_METHOD_MATCH = YES;
				CODE_SIGN_IDENTITY = "";
				"CODE_SIGN_IDENTITY[sdk=iphoneos*]" = "";
				COPY_PHASE_STRIP = NO;
				CURRENT_PROJECT_VERSION = 1;
				DEBUG_INFORMATION_FORMAT = "dwarf-with-dsym";
				ENABLE_NS_ASSERTIONS = NO;
				ENABLE_STRICT_OBJC_MSGSEND = YES;
				GCC_C_LANGUAGE_STANDARD = gnu99;
				GCC_NO_COMMON_BLOCKS = YES;
				GCC_WARN_64_TO_32_BIT_CONVERSION = YES;
				GCC_WARN_ABOUT_RETURN_TYPE = YES_ERROR;
				GCC_WARN_UNDECLARED_SELECTOR = YES;
				GCC_WARN_UNINITIALIZED_AUTOS = YES_AGGRESSIVE;
				GCC_WARN_UNUSED_FUNCTION = YES;
				GCC_WARN_UNUSED_VARIABLE = YES;
				IPHONEOS_DEPLOYMENT_TARGET = 10.1;
				MTL_ENABLE_DEBUG_INFO = NO;
				SDKROOT = iphoneos;
				TARGETED_DEVICE_FAMILY = "1,2";
				VALIDATE_PRODUCT = YES;
				VERSIONING_SYSTEM = "apple-generic";
				VERSION_INFO_PREFIX = "";
			};
			name = Release;
		};
		BB0DC20F1E151128008ADA92 /* Debug */ = {
			isa = XCBuildConfiguration;
			buildSettings = {
				CODE_SIGN_IDENTITY = "";
				DEFINES_MODULE = YES;
				DEVELOPMENT_TEAM = 75454T433Y;
				DYLIB_COMPATIBILITY_VERSION = 1;
				DYLIB_CURRENT_VERSION = 1;
				DYLIB_INSTALL_NAME_BASE = "@rpath";
				FRAMEWORK_SEARCH_PATHS = ../Framework/Facebook;
				INFOPLIST_FILE = GBSdk/Info.plist;
				INSTALL_PATH = "$(LOCAL_LIBRARY_DIR)/Frameworks";
				IPHONEOS_DEPLOYMENT_TARGET = 9.2;
				LD_RUNPATH_SEARCH_PATHS = "$(inherited) @executable_path/Frameworks @loader_path/Frameworks";
				PRODUCT_BUNDLE_IDENTIFIER = com.joycity.platform.GBSdk;
				PRODUCT_NAME = "$(TARGET_NAME)";
				SKIP_INSTALL = YES;
			};
			name = Debug;
		};
		BB0DC2101E151128008ADA92 /* Release */ = {
			isa = XCBuildConfiguration;
			buildSettings = {
				CODE_SIGN_IDENTITY = "";
				DEFINES_MODULE = YES;
				DEVELOPMENT_TEAM = 75454T433Y;
				DYLIB_COMPATIBILITY_VERSION = 1;
				DYLIB_CURRENT_VERSION = 1;
				DYLIB_INSTALL_NAME_BASE = "@rpath";
				FRAMEWORK_SEARCH_PATHS = ../Framework/Facebook;
				INFOPLIST_FILE = GBSdk/Info.plist;
				INSTALL_PATH = "$(LOCAL_LIBRARY_DIR)/Frameworks";
				IPHONEOS_DEPLOYMENT_TARGET = 9.2;
				LD_RUNPATH_SEARCH_PATHS = "$(inherited) @executable_path/Frameworks @loader_path/Frameworks";
				PRODUCT_BUNDLE_IDENTIFIER = com.joycity.platform.GBSdk;
				PRODUCT_NAME = "$(TARGET_NAME)";
				SKIP_INSTALL = YES;
			};
			name = Release;
		};
/* End XCBuildConfiguration section */

/* Begin XCConfigurationList section */
		BB0DC2001E151128008ADA92 /* Build configuration list for PBXProject "GBSdk" */ = {
			isa = XCConfigurationList;
			buildConfigurations = (
				BB0DC20C1E151128008ADA92 /* Debug */,
				BB0DC20D1E151128008ADA92 /* Release */,
			);
			defaultConfigurationIsVisible = 0;
			defaultConfigurationName = Release;
		};
		BB0DC20E1E151128008ADA92 /* Build configuration list for PBXNativeTarget "GBSdk" */ = {
			isa = XCConfigurationList;
			buildConfigurations = (
				BB0DC20F1E151128008ADA92 /* Debug */,
				BB0DC2101E151128008ADA92 /* Release */,
			);
			defaultConfigurationIsVisible = 0;
			defaultConfigurationName = Release;
		};
/* End XCConfigurationList section */
	};
	rootObject = BB0DC1FD1E151128008ADA92 /* Project object */;
}
